
Microsoft Visual Studio Solution File, Format Version 12.00
# Visual Studio Version 17
VisualStudioVersion = 17.9.34728.123
MinimumVisualStudioVersion = 10.0.40219.1
Project("{FAE04EC0-301F-11D3-BF4B-00C04F79EFBC}") = "MSSQL.ConsoleApp", "MSSQL.ConsoleApp.csproj", "{9E7E7F3C-0EDE-43FC-82EA-10426EDD5810}"
EndProject
Global
	GlobalSection(SolutionConfigurationPlatforms) = preSolution
		Debug|Any CPU = Debug|Any CPU
		Release|Any CPU = Release|Any CPU
	EndGlobalSection
	GlobalSection(ProjectConfigurationPlatforms) = postSolution
		{9E7E7F3C-0EDE-43FC-82EA-10426EDD5810}.Debug|Any CPU.ActiveCfg = Debug|Any CPU
		{9E7E7F3C-0EDE-43FC-82EA-10426EDD5810}.Debug|Any CPU.Build.0 = Debug|Any CPU
		{9E7E7F3C-0EDE-43FC-82EA-10426EDD5810}.Release|Any CPU.ActiveCfg = Release|Any CPU
		{9E7E7F3C-0EDE-43FC-82EA-10426EDD5810}.Release|Any CPU.Build.0 = Release|Any CPU
	EndGlobalSection
	GlobalSection(SolutionProperties) = preSolution
		HideSolutionNode = FALSE
	EndGlobalSection
	GlobalSection(ExtensibilityGlobals) = postSolution
		SolutionGuid = {7E5EE96E-1C90-49F2-B2B3-D9BEBD19CEAD}
	EndGlobalSection
EndGlobal
